// !$*UTF8*$!
{
	archiveVersion = 1;
	classes = {
	};
	objectVersion = 55;
	objects = {

/* Begin PBXBuildFile section */
		FC576F012917F0D300F11C69 /* WABaseInfoView.swift in Sources */ = {isa = PBXBuildFile; fileRef = FC576F002917F0D300F11C69 /* WABaseInfoView.swift */; };
		FC9ED1602900549E00B746ED /* AppDelegate.swift in Sources */ = {isa = PBXBuildFile; fileRef = FC9ED15F2900549E00B746ED /* AppDelegate.swift */; };
		FC9ED1642900549E00B746ED /* OverviewViewController.swift in Sources */ = {isa = PBXBuildFile; fileRef = FC9ED1632900549E00B746ED /* OverviewViewController.swift */; };
		FC9ED1692900549F00B746ED /* Assets.xcassets in Resources */ = {isa = PBXBuildFile; fileRef = FC9ED1682900549F00B746ED /* Assets.xcassets */; };
		FC9ED16C2900549F00B746ED /* LaunchScreen.storyboard in Resources */ = {isa = PBXBuildFile; fileRef = FC9ED16A2900549F00B746ED /* LaunchScreen.storyboard */; };
		FC9ED1772900591600B746ED /* TabBarController.swift in Sources */ = {isa = PBXBuildFile; fileRef = FC9ED1762900591600B746ED /* TabBarController.swift */; };
		FC9ED17A29005A2500B746ED /* UIColor + ext.swift in Sources */ = {isa = PBXBuildFile; fileRef = FC9ED17929005A2500B746ED /* UIColor + ext.swift */; };
		FC9ED17D29005AF400B746ED /* Resources.swift in Sources */ = {isa = PBXBuildFile; fileRef = FC9ED17C29005AF400B746ED /* Resources.swift */; };
		FCB351A12927BAA5004FE750 /* PercentView.swift in Sources */ = {isa = PBXBuildFile; fileRef = FCB351A02927BAA5004FE750 /* PercentView.swift */; };
		FCCC7C05291116AE0052EE46 /* WeekView.swift in Sources */ = {isa = PBXBuildFile; fileRef = FCCC7C04291116AE0052EE46 /* WeekView.swift */; };
		FCCC7C07291118CE0052EE46 /* WeekDayView.swift in Sources */ = {isa = PBXBuildFile; fileRef = FCCC7C06291118CE0052EE46 /* WeekDayView.swift */; };
		FCCC7C092911368B0052EE46 /* Date + ext.swift in Sources */ = {isa = PBXBuildFile; fileRef = FCCC7C082911368B0052EE46 /* Date + ext.swift */; };
		FCD64D40290EC6D50032233A /* OverviewNavBar.swift in Sources */ = {isa = PBXBuildFile; fileRef = FCD64D3F290EC6D50032233A /* OverviewNavBar.swift */; };
		FCD64D42290EC71E0032233A /* BaseView.swift in Sources */ = {isa = PBXBuildFile; fileRef = FCD64D41290EC71E0032233A /* BaseView.swift */; };
		FCDE76C429043CB50087D89A /* NavBarController.swift in Sources */ = {isa = PBXBuildFile; fileRef = FCDE76C329043CB50087D89A /* NavBarController.swift */; };
		FCDE76C629043F6F0087D89A /* BaseController.swift in Sources */ = {isa = PBXBuildFile; fileRef = FCDE76C529043F6F0087D89A /* BaseController.swift */; };
		FCDE76C8290445710087D89A /* UIView + ext.swift in Sources */ = {isa = PBXBuildFile; fileRef = FCDE76C7290445710087D89A /* UIView + ext.swift */; };
		FCDE76CF2904482A0087D89A /* SessionViewController.swift in Sources */ = {isa = PBXBuildFile; fileRef = FCDE76CE2904482A0087D89A /* SessionViewController.swift */; };
		FCDE76D1290448570087D89A /* ProgressViewController.swift in Sources */ = {isa = PBXBuildFile; fileRef = FCDE76D0290448570087D89A /* ProgressViewController.swift */; };
		FCDE76D3290448790087D89A /* SettingsViewController.swift in Sources */ = {isa = PBXBuildFile; fileRef = FCDE76D2290448790087D89A /* SettingsViewController.swift */; };
		FCE9D0A5292026C9001D0A73 /* TimerView.swift in Sources */ = {isa = PBXBuildFile; fileRef = FCE9D0A4292026C9001D0A73 /* TimerView.swift */; };
		FCE9D0A8292029B9001D0A73 /* ProgressView.swift in Sources */ = {isa = PBXBuildFile; fileRef = FCE9D0A7292029B9001D0A73 /* ProgressView.swift */; };
		FCF703B7290C1A030055E938 /* WAButton.swift in Sources */ = {isa = PBXBuildFile; fileRef = FCF703B6290C1A030055E938 /* WAButton.swift */; };
/* End PBXBuildFile section */

/* Begin PBXFileReference section */
		FC576F002917F0D300F11C69 /* WABaseInfoView.swift */ = {isa = PBXFileReference; lastKnownFileType = sourcecode.swift; path = WABaseInfoView.swift; sourceTree = "<group>"; };
		FC9ED15C2900549E00B746ED /* WorkoutApp.app */ = {isa = PBXFileReference; explicitFileType = wrapper.application; includeInIndex = 0; path = WorkoutApp.app; sourceTree = BUILT_PRODUCTS_DIR; };
		FC9ED15F2900549E00B746ED /* AppDelegate.swift */ = {isa = PBXFileReference; lastKnownFileType = sourcecode.swift; path = AppDelegate.swift; sourceTree = "<group>"; };
		FC9ED1632900549E00B746ED /* OverviewViewController.swift */ = {isa = PBXFileReference; lastKnownFileType = sourcecode.swift; path = OverviewViewController.swift; sourceTree = "<group>"; };
		FC9ED1682900549F00B746ED /* Assets.xcassets */ = {isa = PBXFileReference; lastKnownFileType = folder.assetcatalog; path = Assets.xcassets; sourceTree = "<group>"; };
		FC9ED16B2900549F00B746ED /* Base */ = {isa = PBXFileReference; lastKnownFileType = file.storyboard; name = Base; path = Base.lproj/LaunchScreen.storyboard; sourceTree = "<group>"; };
		FC9ED16D2900549F00B746ED /* Info.plist */ = {isa = PBXFileReference; lastKnownFileType = text.plist.xml; path = Info.plist; sourceTree = "<group>"; };
		FC9ED1762900591600B746ED /* TabBarController.swift */ = {isa = PBXFileReference; lastKnownFileType = sourcecode.swift; path = TabBarController.swift; sourceTree = "<group>"; };
		FC9ED17929005A2500B746ED /* UIColor + ext.swift */ = {isa = PBXFileReference; lastKnownFileType = sourcecode.swift; path = "UIColor + ext.swift"; sourceTree = "<group>"; };
		FC9ED17C29005AF400B746ED /* Resources.swift */ = {isa = PBXFileReference; lastKnownFileType = sourcecode.swift; path = Resources.swift; sourceTree = "<group>"; };
		FCB351A02927BAA5004FE750 /* PercentView.swift */ = {isa = PBXFileReference; lastKnownFileType = sourcecode.swift; path = PercentView.swift; sourceTree = "<group>"; };
		FCCC7C04291116AE0052EE46 /* WeekView.swift */ = {isa = PBXFileReference; lastKnownFileType = sourcecode.swift; path = WeekView.swift; sourceTree = "<group>"; };
		FCCC7C06291118CE0052EE46 /* WeekDayView.swift */ = {isa = PBXFileReference; lastKnownFileType = sourcecode.swift; path = WeekDayView.swift; sourceTree = "<group>"; };
		FCCC7C082911368B0052EE46 /* Date + ext.swift */ = {isa = PBXFileReference; lastKnownFileType = sourcecode.swift; path = "Date + ext.swift"; sourceTree = "<group>"; };
		FCD64D3F290EC6D50032233A /* OverviewNavBar.swift */ = {isa = PBXFileReference; lastKnownFileType = sourcecode.swift; path = OverviewNavBar.swift; sourceTree = "<group>"; };
		FCD64D41290EC71E0032233A /* BaseView.swift */ = {isa = PBXFileReference; lastKnownFileType = sourcecode.swift; path = BaseView.swift; sourceTree = "<group>"; };
		FCDE76C329043CB50087D89A /* NavBarController.swift */ = {isa = PBXFileReference; lastKnownFileType = sourcecode.swift; path = NavBarController.swift; sourceTree = "<group>"; };
		FCDE76C529043F6F0087D89A /* BaseController.swift */ = {isa = PBXFileReference; lastKnownFileType = sourcecode.swift; path = BaseController.swift; sourceTree = "<group>"; };
		FCDE76C7290445710087D89A /* UIView + ext.swift */ = {isa = PBXFileReference; lastKnownFileType = sourcecode.swift; path = "UIView + ext.swift"; sourceTree = "<group>"; };
		FCDE76CE2904482A0087D89A /* SessionViewController.swift */ = {isa = PBXFileReference; lastKnownFileType = sourcecode.swift; path = SessionViewController.swift; sourceTree = "<group>"; };
		FCDE76D0290448570087D89A /* ProgressViewController.swift */ = {isa = PBXFileReference; lastKnownFileType = sourcecode.swift; path = ProgressViewController.swift; sourceTree = "<group>"; };
		FCDE76D2290448790087D89A /* SettingsViewController.swift */ = {isa = PBXFileReference; lastKnownFileType = sourcecode.swift; path = SettingsViewController.swift; sourceTree = "<group>"; };
		FCE9D0A4292026C9001D0A73 /* TimerView.swift */ = {isa = PBXFileReference; lastKnownFileType = sourcecode.swift; path = TimerView.swift; sourceTree = "<group>"; };
		FCE9D0A7292029B9001D0A73 /* ProgressView.swift */ = {isa = PBXFileReference; lastKnownFileType = sourcecode.swift; path = ProgressView.swift; sourceTree = "<group>"; };
		FCF703B6290C1A030055E938 /* WAButton.swift */ = {isa = PBXFileReference; lastKnownFileType = sourcecode.swift; path = WAButton.swift; sourceTree = "<group>"; };
/* End PBXFileReference section */

/* Begin PBXFrameworksBuildPhase section */
		FC9ED1592900549E00B746ED /* Frameworks */ = {
			isa = PBXFrameworksBuildPhase;
			buildActionMask = 2147483647;
			files = (
			);
			runOnlyForDeploymentPostprocessing = 0;
		};
/* End PBXFrameworksBuildPhase section */

/* Begin PBXGroup section */
		FC9ED1532900549E00B746ED = {
			isa = PBXGroup;
			children = (
				FC9ED15E2900549E00B746ED /* WorkoutApp */,
				FC9ED15D2900549E00B746ED /* Products */,
			);
			sourceTree = "<group>";
		};
		FC9ED15D2900549E00B746ED /* Products */ = {
			isa = PBXGroup;
			children = (
				FC9ED15C2900549E00B746ED /* WorkoutApp.app */,
			);
			name = Products;
			sourceTree = "<group>";
		};
		FC9ED15E2900549E00B746ED /* WorkoutApp */ = {
			isa = PBXGroup;
			children = (
				FC9ED17829005A0000B746ED /* Helpers */,
				FC9ED1732900556100B746ED /* SupportingFiles */,
				FC9ED1742900558900B746ED /* ViewControllers */,
				FC9ED1752900559E00B746ED /* Resources */,
				FC9ED16A2900549F00B746ED /* LaunchScreen.storyboard */,
			);
			path = WorkoutApp;
			sourceTree = "<group>";
		};
		FC9ED1732900556100B746ED /* SupportingFiles */ = {
			isa = PBXGroup;
			children = (
				FC9ED15F2900549E00B746ED /* AppDelegate.swift */,
				FC9ED16D2900549F00B746ED /* Info.plist */,
			);
			path = SupportingFiles;
			sourceTree = "<group>";
		};
		FC9ED1742900558900B746ED /* ViewControllers */ = {
			isa = PBXGroup;
			children = (
				FCDE76CD290448040087D89A /* Settings */,
				FCDE76CC290447FB0087D89A /* Progress */,
				FCDE76CB290447F30087D89A /* Session */,
				FCDE76CA290447EA0087D89A /* Overview */,
				FCDE76C9290447B70087D89A /* Base */,
			);
			path = ViewControllers;
			sourceTree = "<group>";
		};
		FC9ED1752900559E00B746ED /* Resources */ = {
			isa = PBXGroup;
			children = (
				FC9ED1682900549F00B746ED /* Assets.xcassets */,
			);
			path = Resources;
			sourceTree = "<group>";
		};
		FC9ED17829005A0000B746ED /* Helpers */ = {
			isa = PBXGroup;
			children = (
				FC9ED17B29005A3C00B746ED /* Extensions */,
				FC9ED17C29005AF400B746ED /* Resources.swift */,
			);
			path = Helpers;
			sourceTree = "<group>";
		};
		FC9ED17B29005A3C00B746ED /* Extensions */ = {
			isa = PBXGroup;
			children = (
				FC9ED17929005A2500B746ED /* UIColor + ext.swift */,
				FCDE76C7290445710087D89A /* UIView + ext.swift */,
				FCCC7C082911368B0052EE46 /* Date + ext.swift */,
			);
			path = Extensions;
			sourceTree = "<group>";
		};
		FCCC7C03291116650052EE46 /* WeekView */ = {
			isa = PBXGroup;
			children = (
				FCCC7C04291116AE0052EE46 /* WeekView.swift */,
				FCCC7C06291118CE0052EE46 /* WeekDayView.swift */,
			);
			path = WeekView;
			sourceTree = "<group>";
		};
		FCDE76C9290447B70087D89A /* Base */ = {
			isa = PBXGroup;
			children = (
				FCF703B6290C1A030055E938 /* WAButton.swift */,
				FC9ED1762900591600B746ED /* TabBarController.swift */,
				FCDE76C329043CB50087D89A /* NavBarController.swift */,
				FCDE76C529043F6F0087D89A /* BaseController.swift */,
				FCD64D41290EC71E0032233A /* BaseView.swift */,
				FC576F002917F0D300F11C69 /* WABaseInfoView.swift */,
			);
			path = Base;
			sourceTree = "<group>";
		};
		FCDE76CA290447EA0087D89A /* Overview */ = {
			isa = PBXGroup;
			children = (
				FCF703B5290C19C40055E938 /* Views */,
				FC9ED1632900549E00B746ED /* OverviewViewController.swift */,
			);
			path = Overview;
			sourceTree = "<group>";
		};
		FCDE76CB290447F30087D89A /* Session */ = {
			isa = PBXGroup;
			children = (
				FCE9D0A3292026B3001D0A73 /* Views */,
				FCDE76CE2904482A0087D89A /* SessionViewController.swift */,
			);
			path = Session;
			sourceTree = "<group>";
		};
		FCDE76CC290447FB0087D89A /* Progress */ = {
			isa = PBXGroup;
			children = (
				FCDE76D0290448570087D89A /* ProgressViewController.swift */,
			);
			path = Progress;
			sourceTree = "<group>";
		};
		FCDE76CD290448040087D89A /* Settings */ = {
			isa = PBXGroup;
			children = (
				FCDE76D2290448790087D89A /* SettingsViewController.swift */,
			);
			path = Settings;
			sourceTree = "<group>";
		};
		FCE9D0A3292026B3001D0A73 /* Views */ = {
			isa = PBXGroup;
			children = (
				FCE9D0A62920299F001D0A73 /* Timer */,
			);
			path = Views;
			sourceTree = "<group>";
		};
		FCE9D0A62920299F001D0A73 /* Timer */ = {
			isa = PBXGroup;
			children = (
				FCE9D0A4292026C9001D0A73 /* TimerView.swift */,
				FCE9D0A7292029B9001D0A73 /* ProgressView.swift */,
				FCB351A02927BAA5004FE750 /* PercentView.swift */,
			);
			path = Timer;
			sourceTree = "<group>";
		};
		FCF703B5290C19C40055E938 /* Views */ = {
			isa = PBXGroup;
			children = (
				FCCC7C03291116650052EE46 /* WeekView */,
				FCD64D3F290EC6D50032233A /* OverviewNavBar.swift */,
			);
			path = Views;
			sourceTree = "<group>";
		};
/* End PBXGroup section */

/* Begin PBXNativeTarget section */
		FC9ED15B2900549E00B746ED /* WorkoutApp */ = {
			isa = PBXNativeTarget;
			buildConfigurationList = FC9ED1702900549F00B746ED /* Build configuration list for PBXNativeTarget "WorkoutApp" */;
			buildPhases = (
				FC9ED1582900549E00B746ED /* Sources */,
				FC9ED1592900549E00B746ED /* Frameworks */,
				FC9ED15A2900549E00B746ED /* Resources */,
			);
			buildRules = (
			);
			dependencies = (
			);
			name = WorkoutApp;
			productName = WorkoutApp;
			productReference = FC9ED15C2900549E00B746ED /* WorkoutApp.app */;
			productType = "com.apple.product-type.application";
		};
/* End PBXNativeTarget section */

/* Begin PBXProject section */
		FC9ED1542900549E00B746ED /* Project object */ = {
			isa = PBXProject;
			attributes = {
				BuildIndependentTargetsInParallel = 1;
				LastSwiftUpdateCheck = 1320;
				LastUpgradeCheck = 1320;
				TargetAttributes = {
					FC9ED15B2900549E00B746ED = {
						CreatedOnToolsVersion = 13.2.1;
					};
				};
			};
			buildConfigurationList = FC9ED1572900549E00B746ED /* Build configuration list for PBXProject "WorkoutApp" */;
			compatibilityVersion = "Xcode 13.0";
			developmentRegion = en;
			hasScannedForEncodings = 0;
			knownRegions = (
				en,
				Base,
			);
			mainGroup = FC9ED1532900549E00B746ED;
			productRefGroup = FC9ED15D2900549E00B746ED /* Products */;
			projectDirPath = "";
			projectRoot = "";
			targets = (
				FC9ED15B2900549E00B746ED /* WorkoutApp */,
			);
		};
/* End PBXProject section */

/* Begin PBXResourcesBuildPhase section */
		FC9ED15A2900549E00B746ED /* Resources */ = {
			isa = PBXResourcesBuildPhase;
			buildActionMask = 2147483647;
			files = (
				FC9ED16C2900549F00B746ED /* LaunchScreen.storyboard in Resources */,
				FC9ED1692900549F00B746ED /* Assets.xcassets in Resources */,
			);
			runOnlyForDeploymentPostprocessing = 0;
		};
/* End PBXResourcesBuildPhase section */

/* Begin PBXSourcesBuildPhase section */
		FC9ED1582900549E00B746ED /* Sources */ = {
			isa = PBXSourcesBuildPhase;
			buildActionMask = 2147483647;
			files = (
				FCF703B7290C1A030055E938 /* WAButton.swift in Sources */,
				FC576F012917F0D300F11C69 /* WABaseInfoView.swift in Sources */,
				FCCC7C07291118CE0052EE46 /* WeekDayView.swift in Sources */,
				FC9ED1772900591600B746ED /* TabBarController.swift in Sources */,
				FCDE76C429043CB50087D89A /* NavBarController.swift in Sources */,
				FCDE76D3290448790087D89A /* SettingsViewController.swift in Sources */,
				FCD64D40290EC6D50032233A /* OverviewNavBar.swift in Sources */,
				FCDE76C8290445710087D89A /* UIView + ext.swift in Sources */,
				FCCC7C092911368B0052EE46 /* Date + ext.swift in Sources */,
				FCCC7C05291116AE0052EE46 /* WeekView.swift in Sources */,
				FCE9D0A5292026C9001D0A73 /* TimerView.swift in Sources */,
				FCDE76C629043F6F0087D89A /* BaseController.swift in Sources */,
				FC9ED1642900549E00B746ED /* OverviewViewController.swift in Sources */,
				FCDE76D1290448570087D89A /* ProgressViewController.swift in Sources */,
				FC9ED1602900549E00B746ED /* AppDelegate.swift in Sources */,
				FC9ED17D29005AF400B746ED /* Resources.swift in Sources */,
				FCD64D42290EC71E0032233A /* BaseView.swift in Sources */,
				FCB351A12927BAA5004FE750 /* PercentView.swift in Sources */,
				FCE9D0A8292029B9001D0A73 /* ProgressView.swift in Sources */,
				FC9ED17A29005A2500B746ED /* UIColor + ext.swift in Sources */,
				FCDE76CF2904482A0087D89A /* SessionViewController.swift in Sources */,
			);
			runOnlyForDeploymentPostprocessing = 0;
		};
/* End PBXSourcesBuildPhase section */

/* Begin PBXVariantGroup section */
		FC9ED16A2900549F00B746ED /* LaunchScreen.storyboard */ = {
			isa = PBXVariantGroup;
			children = (
				FC9ED16B2900549F00B746ED /* Base */,
			);
			name = LaunchScreen.storyboard;
			sourceTree = "<group>";
		};
/* End PBXVariantGroup section */

/* Begin XCBuildConfiguration section */
		FC9ED16E2900549F00B746ED /* Debug */ = {
			isa = XCBuildConfiguration;
			buildSettings = {
				ALWAYS_SEARCH_USER_PATHS = NO;
				CLANG_ANALYZER_NONNULL = YES;
				CLANG_ANALYZER_NUMBER_OBJECT_CONVERSION = YES_AGGRESSIVE;
				CLANG_CXX_LANGUAGE_STANDARD = "gnu++17";
				CLANG_CXX_LIBRARY = "libc++";
				CLANG_ENABLE_MODULES = YES;
				CLANG_ENABLE_OBJC_ARC = YES;
				CLANG_ENABLE_OBJC_WEAK = YES;
				CLANG_WARN_BLOCK_CAPTURE_AUTORELEASING = YES;
				CLANG_WARN_BOOL_CONVERSION = YES;
				CLANG_WARN_COMMA = YES;
				CLANG_WARN_CONSTANT_CONVERSION = YES;
				CLANG_WARN_DEPRECATED_OBJC_IMPLEMENTATIONS = YES;
				CLANG_WARN_DIRECT_OBJC_ISA_USAGE = YES_ERROR;
				CLANG_WARN_DOCUMENTATION_COMMENTS = YES;
				CLANG_WARN_EMPTY_BODY = YES;
				CLANG_WARN_ENUM_CONVERSION = YES;
				CLANG_WARN_INFINITE_RECURSION = YES;
				CLANG_WARN_INT_CONVERSION = YES;
				CLANG_WARN_NON_LITERAL_NULL_CONVERSION = YES;
				CLANG_WARN_OBJC_IMPLICIT_RETAIN_SELF = YES;
				CLANG_WARN_OBJC_LITERAL_CONVERSION = YES;
				CLANG_WARN_OBJC_ROOT_CLASS = YES_ERROR;
				CLANG_WARN_QUOTED_INCLUDE_IN_FRAMEWORK_HEADER = YES;
				CLANG_WARN_RANGE_LOOP_ANALYSIS = YES;
				CLANG_WARN_STRICT_PROTOTYPES = YES;
				CLANG_WARN_SUSPICIOUS_MOVE = YES;
				CLANG_WARN_UNGUARDED_AVAILABILITY = YES_AGGRESSIVE;
				CLANG_WARN_UNREACHABLE_CODE = YES;
				CLANG_WARN__DUPLICATE_METHOD_MATCH = YES;
				COPY_PHASE_STRIP = NO;
				DEBUG_INFORMATION_FORMAT = dwarf;
				ENABLE_STRICT_OBJC_MSGSEND = YES;
				ENABLE_TESTABILITY = YES;
				GCC_C_LANGUAGE_STANDARD = gnu11;
				GCC_DYNAMIC_NO_PIC = NO;
				GCC_NO_COMMON_BLOCKS = YES;
				GCC_OPTIMIZATION_LEVEL = 0;
				GCC_PREPROCESSOR_DEFINITIONS = (
					"DEBUG=1",
					"$(inherited)",
				);
				GCC_WARN_64_TO_32_BIT_CONVERSION = YES;
				GCC_WARN_ABOUT_RETURN_TYPE = YES_ERROR;
				GCC_WARN_UNDECLARED_SELECTOR = YES;
				GCC_WARN_UNINITIALIZED_AUTOS = YES_AGGRESSIVE;
				GCC_WARN_UNUSED_FUNCTION = YES;
				GCC_WARN_UNUSED_VARIABLE = YES;
				IPHONEOS_DEPLOYMENT_TARGET = 15.2;
				MTL_ENABLE_DEBUG_INFO = INCLUDE_SOURCE;
				MTL_FAST_MATH = YES;
				ONLY_ACTIVE_ARCH = YES;
				SDKROOT = iphoneos;
				SWIFT_ACTIVE_COMPILATION_CONDITIONS = DEBUG;
				SWIFT_OPTIMIZATION_LEVEL = "-Onone";
			};
			name = Debug;
		};
		FC9ED16F2900549F00B746ED /* Release */ = {
			isa = XCBuildConfiguration;
			buildSettings = {
				ALWAYS_SEARCH_USER_PATHS = NO;
				CLANG_ANALYZER_NONNULL = YES;
				CLANG_ANALYZER_NUMBER_OBJECT_CONVERSION = YES_AGGRESSIVE;
				CLANG_CXX_LANGUAGE_STANDARD = "gnu++17";
				CLANG_CXX_LIBRARY = "libc++";
				CLANG_ENABLE_MODULES = YES;
				CLANG_ENABLE_OBJC_ARC = YES;
				CLANG_ENABLE_OBJC_WEAK = YES;
				CLANG_WARN_BLOCK_CAPTURE_AUTORELEASING = YES;
				CLANG_WARN_BOOL_CONVERSION = YES;
				CLANG_WARN_COMMA = YES;
				CLANG_WARN_CONSTANT_CONVERSION = YES;
				CLANG_WARN_DEPRECATED_OBJC_IMPLEMENTATIONS = YES;
				CLANG_WARN_DIRECT_OBJC_ISA_USAGE = YES_ERROR;
				CLANG_WARN_DOCUMENTATION_COMMENTS = YES;
				CLANG_WARN_EMPTY_BODY = YES;
				CLANG_WARN_ENUM_CONVERSION = YES;
				CLANG_WARN_INFINITE_RECURSION = YES;
				CLANG_WARN_INT_CONVERSION = YES;
				CLANG_WARN_NON_LITERAL_NULL_CONVERSION = YES;
				CLANG_WARN_OBJC_IMPLICIT_RETAIN_SELF = YES;
				CLANG_WARN_OBJC_LITERAL_CONVERSION = YES;
				CLANG_WARN_OBJC_ROOT_CLASS = YES_ERROR;
				CLANG_WARN_QUOTED_INCLUDE_IN_FRAMEWORK_HEADER = YES;
				CLANG_WARN_RANGE_LOOP_ANALYSIS = YES;
				CLANG_WARN_STRICT_PROTOTYPES = YES;
				CLANG_WARN_SUSPICIOUS_MOVE = YES;
				CLANG_WARN_UNGUARDED_AVAILABILITY = YES_AGGRESSIVE;
				CLANG_WARN_UNREACHABLE_CODE = YES;
				CLANG_WARN__DUPLICATE_METHOD_MATCH = YES;
				COPY_PHASE_STRIP = NO;
				DEBUG_INFORMATION_FORMAT = "dwarf-with-dsym";
				ENABLE_NS_ASSERTIONS = NO;
				ENABLE_STRICT_OBJC_MSGSEND = YES;
				GCC_C_LANGUAGE_STANDARD = gnu11;
				GCC_NO_COMMON_BLOCKS = YES;
				GCC_WARN_64_TO_32_BIT_CONVERSION = YES;
				GCC_WARN_ABOUT_RETURN_TYPE = YES_ERROR;
				GCC_WARN_UNDECLARED_SELECTOR = YES;
				GCC_WARN_UNINITIALIZED_AUTOS = YES_AGGRESSIVE;
				GCC_WARN_UNUSED_FUNCTION = YES;
				GCC_WARN_UNUSED_VARIABLE = YES;
				IPHONEOS_DEPLOYMENT_TARGET = 15.2;
				MTL_ENABLE_DEBUG_INFO = NO;
				MTL_FAST_MATH = YES;
				SDKROOT = iphoneos;
				SWIFT_COMPILATION_MODE = wholemodule;
				SWIFT_OPTIMIZATION_LEVEL = "-O";
				VALIDATE_PRODUCT = YES;
			};
			name = Release;
		};
		FC9ED1712900549F00B746ED /* Debug */ = {
			isa = XCBuildConfiguration;
			buildSettings = {
				ASSETCATALOG_COMPILER_APPICON_NAME = AppIcon;
				ASSETCATALOG_COMPILER_GLOBAL_ACCENT_COLOR_NAME = AccentColor;
				CODE_SIGN_STYLE = Automatic;
				CURRENT_PROJECT_VERSION = 1;
				DEVELOPMENT_TEAM = 4ARG8W2BQX;
				GENERATE_INFOPLIST_FILE = YES;
				INFOPLIST_FILE = WorkoutApp/SupportingFiles/Info.plist;
				INFOPLIST_KEY_UIApplicationSupportsIndirectInputEvents = YES;
				INFOPLIST_KEY_UILaunchStoryboardName = LaunchScreen;
				INFOPLIST_KEY_UISupportedInterfaceOrientations = UIInterfaceOrientationPortrait;
				INFOPLIST_KEY_UISupportedInterfaceOrientations_iPad = "UIInterfaceOrientationPortrait UIInterfaceOrientationPortraitUpsideDown UIInterfaceOrientationLandscapeLeft UIInterfaceOrientationLandscapeRight";
				INFOPLIST_KEY_UISupportedInterfaceOrientations_iPhone = "UIInterfaceOrientationPortrait UIInterfaceOrientationLandscapeLeft UIInterfaceOrientationLandscapeRight";
				LD_RUNPATH_SEARCH_PATHS = (
					"$(inherited)",
					"@executable_path/Frameworks",
				);
				MARKETING_VERSION = 1.0;
				PRODUCT_BUNDLE_IDENTIFIER = com.zhukov.WorkoutApp;
				PRODUCT_NAME = "$(TARGET_NAME)";
				SWIFT_EMIT_LOC_STRINGS = YES;
				SWIFT_VERSION = 5.0;
				TARGETED_DEVICE_FAMILY = 1;
			};
			name = Debug;
		};
		FC9ED1722900549F00B746ED /* Release */ = {
			isa = XCBuildConfiguration;
			buildSettings = {
				ASSETCATALOG_COMPILER_APPICON_NAME = AppIcon;
				ASSETCATALOG_COMPILER_GLOBAL_ACCENT_COLOR_NAME = AccentColor;
				CODE_SIGN_STYLE = Automatic;
				CURRENT_PROJECT_VERSION = 1;
				DEVELOPMENT_TEAM = 4ARG8W2BQX;
				GENERATE_INFOPLIST_FILE = YES;
				INFOPLIST_FILE = WorkoutApp/SupportingFiles/Info.plist;
				INFOPLIST_KEY_UIApplicationSupportsIndirectInputEvents = YES;
				INFOPLIST_KEY_UILaunchStoryboardName = LaunchScreen;
				INFOPLIST_KEY_UISupportedInterfaceOrientations = UIInterfaceOrientationPortrait;
				INFOPLIST_KEY_UISupportedInterfaceOrientations_iPad = "UIInterfaceOrientationPortrait UIInterfaceOrientationPortraitUpsideDown UIInterfaceOrientationLandscapeLeft UIInterfaceOrientationLandscapeRight";
				INFOPLIST_KEY_UISupportedInterfaceOrientations_iPhone = "UIInterfaceOrientationPortrait UIInterfaceOrientationLandscapeLeft UIInterfaceOrientationLandscapeRight";
				LD_RUNPATH_SEARCH_PATHS = (
					"$(inherited)",
					"@executable_path/Frameworks",
				);
				MARKETING_VERSION = 1.0;
				PRODUCT_BUNDLE_IDENTIFIER = com.zhukov.WorkoutApp;
				PRODUCT_NAME = "$(TARGET_NAME)";
				SWIFT_EMIT_LOC_STRINGS = YES;
				SWIFT_VERSION = 5.0;
				TARGETED_DEVICE_FAMILY = 1;
			};
			name = Release;
		};
/* End XCBuildConfiguration section */

/* Begin XCConfigurationList section */
		FC9ED1572900549E00B746ED /* Build configuration list for PBXProject "WorkoutApp" */ = {
			isa = XCConfigurationList;
			buildConfigurations = (
				FC9ED16E2900549F00B746ED /* Debug */,
				FC9ED16F2900549F00B746ED /* Release */,
			);
			defaultConfigurationIsVisible = 0;
			defaultConfigurationName = Release;
		};
		FC9ED1702900549F00B746ED /* Build configuration list for PBXNativeTarget "WorkoutApp" */ = {
			isa = XCConfigurationList;
			buildConfigurations = (
				FC9ED1712900549F00B746ED /* Debug */,
				FC9ED1722900549F00B746ED /* Release */,
			);
			defaultConfigurationIsVisible = 0;
			defaultConfigurationName = Release;
		};
/* End XCConfigurationList section */
	};
	rootObject = FC9ED1542900549E00B746ED /* Project object */;
}
